
Microsoft Visual Studio Solution File, Format Version 12.00
# Visual Studio Version 16
VisualStudioVersion = 16.0.30804.86
MinimumVisualStudioVersion = 10.0.40219.1
Project("{FAE04EC0-301F-11D3-BF4B-00C04F79EFBC}") = "ManageHotel", "ManageHotel.csproj", "{0A5523A2-18D1-4436-8A5A-8A5A2DB11E97}"
EndProject
Project("{FAE04EC0-301F-11D3-BF4B-00C04F79EFBC}") = "HMS.BAL", "..\HMS.BAL\HMS.BAL.csproj", "{B715D444-85E3-4314-B9A9-EEA0D2A7F978}"
EndProject
Project("{FAE04EC0-301F-11D3-BF4B-00C04F79EFBC}") = "HMS.DAL", "..\MHS.DAL\HMS.DAL.csproj", "{B10DE325-C794-4C97-A938-A0C4460B837C}"
EndProject
Project("{FAE04EC0-301F-11D3-BF4B-00C04F79EFBC}") = "HMS.Models", "..\HMS.Models\HMS.Models.csproj", "{6B9AB7D9-1600-4168-8538-1B7755866835}"
EndProject
Global
	GlobalSection(SolutionConfigurationPlatforms) = preSolution
		Debug|Any CPU = Debug|Any CPU
		Release|Any CPU = Release|Any CPU
	EndGlobalSection
	GlobalSection(ProjectConfigurationPlatforms) = postSolution
		{0A5523A2-18D1-4436-8A5A-8A5A2DB11E97}.Debug|Any CPU.ActiveCfg = Debug|Any CPU
		{0A5523A2-18D1-4436-8A5A-8A5A2DB11E97}.Debug|Any CPU.Build.0 = Debug|Any CPU
		{0A5523A2-18D1-4436-8A5A-8A5A2DB11E97}.Release|Any CPU.ActiveCfg = Release|Any CPU
		{0A5523A2-18D1-4436-8A5A-8A5A2DB11E97}.Release|Any CPU.Build.0 = Release|Any CPU
		{B715D444-85E3-4314-B9A9-EEA0D2A7F978}.Debug|Any CPU.ActiveCfg = Debug|Any CPU
		{B715D444-85E3-4314-B9A9-EEA0D2A7F978}.Debug|Any CPU.Build.0 = Debug|Any CPU
		{B715D444-85E3-4314-B9A9-EEA0D2A7F978}.Release|Any CPU.ActiveCfg = Release|Any CPU
		{B715D444-85E3-4314-B9A9-EEA0D2A7F978}.Release|Any CPU.Build.0 = Release|Any CPU
		{B10DE325-C794-4C97-A938-A0C4460B837C}.Debug|Any CPU.ActiveCfg = Debug|Any CPU
		{B10DE325-C794-4C97-A938-A0C4460B837C}.Debug|Any CPU.Build.0 = Debug|Any CPU
		{B10DE325-C794-4C97-A938-A0C4460B837C}.Release|Any CPU.ActiveCfg = Release|Any CPU
		{B10DE325-C794-4C97-A938-A0C4460B837C}.Release|Any CPU.Build.0 = Release|Any CPU
		{6B9AB7D9-1600-4168-8538-1B7755866835}.Debug|Any CPU.ActiveCfg = Debug|Any CPU
		{6B9AB7D9-1600-4168-8538-1B7755866835}.Debug|Any CPU.Build.0 = Debug|Any CPU
		{6B9AB7D9-1600-4168-8538-1B7755866835}.Release|Any CPU.ActiveCfg = Release|Any CPU
		{6B9AB7D9-1600-4168-8538-1B7755866835}.Release|Any CPU.Build.0 = Release|Any CPU
	EndGlobalSection
	GlobalSection(SolutionProperties) = preSolution
		HideSolutionNode = FALSE
	EndGlobalSection
	GlobalSection(ExtensibilityGlobals) = postSolution
		SolutionGuid = {8E209A60-8494-40C7-8FB1-81579B735391}
	EndGlobalSection
EndGlobal
